
Microsoft Visual Studio Solution File, Format Version 12.00
# Visual Studio 15
Project("{FAE04EC0-301F-11D3-BF4B-00C04F79EFBC}") = "First Project.Plugins", "First Project.Plugins.csproj", "{CEF049E7-BAC5-13EB-C446-289253C38786}"
EndProject
Project("{FAE04EC0-301F-11D3-BF4B-00C04F79EFBC}") = "First Project", "First Project.csproj", "{C82B1736-67B5-A05E-4CE6-F195ABB9C935}"
EndProject
Project("{FAE04EC0-301F-11D3-BF4B-00C04F79EFBC}") = "First Project.Editor.Plugins", "First Project.Editor.Plugins.csproj", "{75CE789D-C4FC-D345-D6C7-2987130749CA}"
EndProject
Global
	GlobalSection(SolutionConfigurationPlatforms) = preSolution
		Debug|Any CPU = Debug|Any CPU
		Release|Any CPU = Release|Any CPU
	EndGlobalSection
	GlobalSection(ProjectConfigurationPlatforms) = postSolution
		{CEF049E7-BAC5-13EB-C446-289253C38786}.Debug|Any CPU.ActiveCfg = Debug|Any CPU
		{CEF049E7-BAC5-13EB-C446-289253C38786}.Debug|Any CPU.Build.0 = Debug|Any CPU
		{CEF049E7-BAC5-13EB-C446-289253C38786}.Release|Any CPU.ActiveCfg = Release|Any CPU
		{CEF049E7-BAC5-13EB-C446-289253C38786}.Release|Any CPU.Build.0 = Release|Any CPU
		{C82B1736-67B5-A05E-4CE6-F195ABB9C935}.Debug|Any CPU.ActiveCfg = Debug|Any CPU
		{C82B1736-67B5-A05E-4CE6-F195ABB9C935}.Debug|Any CPU.Build.0 = Debug|Any CPU
		{C82B1736-67B5-A05E-4CE6-F195ABB9C935}.Release|Any CPU.ActiveCfg = Release|Any CPU
		{C82B1736-67B5-A05E-4CE6-F195ABB9C935}.Release|Any CPU.Build.0 = Release|Any CPU
		{75CE789D-C4FC-D345-D6C7-2987130749CA}.Debug|Any CPU.ActiveCfg = Debug|Any CPU
		{75CE789D-C4FC-D345-D6C7-2987130749CA}.Debug|Any CPU.Build.0 = Debug|Any CPU
		{75CE789D-C4FC-D345-D6C7-2987130749CA}.Release|Any CPU.ActiveCfg = Release|Any CPU
		{75CE789D-C4FC-D345-D6C7-2987130749CA}.Release|Any CPU.Build.0 = Release|Any CPU
	EndGlobalSection
	GlobalSection(SolutionProperties) = preSolution
		HideSolutionNode = FALSE
	EndGlobalSection
EndGlobal
