
Microsoft Visual Studio Solution File, Format Version 12.00
# Visual Studio 15
Project("{FAE04EC0-301F-11D3-BF4B-00C04F79EFBC}") = "Second_Project", "Second_Project.csproj", "{A8050A39-4125-E37A-D0F7-99D553C42060}"
EndProject
Global
	GlobalSection(SolutionConfigurationPlatforms) = preSolution
		Debug|Any CPU = Debug|Any CPU
		Release|Any CPU = Release|Any CPU
	EndGlobalSection
	GlobalSection(ProjectConfigurationPlatforms) = postSolution
		{A8050A39-4125-E37A-D0F7-99D553C42060}.Debug|Any CPU.ActiveCfg = Debug|Any CPU
		{A8050A39-4125-E37A-D0F7-99D553C42060}.Debug|Any CPU.Build.0 = Debug|Any CPU
		{A8050A39-4125-E37A-D0F7-99D553C42060}.Release|Any CPU.ActiveCfg = Release|Any CPU
		{A8050A39-4125-E37A-D0F7-99D553C42060}.Release|Any CPU.Build.0 = Release|Any CPU
	EndGlobalSection
	GlobalSection(SolutionProperties) = preSolution
		HideSolutionNode = FALSE
	EndGlobalSection
EndGlobal
