
Microsoft Visual Studio Solution File, Format Version 12.00
# Visual Studio 15
Project("{FAE04EC0-301F-11D3-BF4B-00C04F79EFBC}") = "Assignment4", "Assignment4.csproj", "{812E2BBB-6A24-C7E0-4AE4-679C4C777327}"
EndProject
Global
	GlobalSection(SolutionConfigurationPlatforms) = preSolution
		Debug|Any CPU = Debug|Any CPU
		Release|Any CPU = Release|Any CPU
	EndGlobalSection
	GlobalSection(ProjectConfigurationPlatforms) = postSolution
		{812E2BBB-6A24-C7E0-4AE4-679C4C777327}.Debug|Any CPU.ActiveCfg = Debug|Any CPU
		{812E2BBB-6A24-C7E0-4AE4-679C4C777327}.Debug|Any CPU.Build.0 = Debug|Any CPU
		{812E2BBB-6A24-C7E0-4AE4-679C4C777327}.Release|Any CPU.ActiveCfg = Release|Any CPU
		{812E2BBB-6A24-C7E0-4AE4-679C4C777327}.Release|Any CPU.Build.0 = Release|Any CPU
	EndGlobalSection
	GlobalSection(SolutionProperties) = preSolution
		HideSolutionNode = FALSE
	EndGlobalSection
EndGlobal
